
Microsoft Visual Studio Solution File, Format Version 12.00
# Visual Studio 14
VisualStudioVersion = 14.0.25420.1
MinimumVisualStudioVersion = 10.0.40219.1
Project("{FAE04EC0-301F-11D3-BF4B-00C04F79EFBC}") = "FITCARD", "FITCARD\FITCARD.csproj", "{2E25D7B3-FF7F-49C9-B175-B8D7AAC6AC2E}"
EndProject
Project("{FAE04EC0-301F-11D3-BF4B-00C04F79EFBC}") = "DAL", "DAL\DAL.csproj", "{9ABC4155-940B-412B-89B3-5167E3DC04A6}"
EndProject
Global
	GlobalSection(SolutionConfigurationPlatforms) = preSolution
		Debug|Any CPU = Debug|Any CPU
		Release|Any CPU = Release|Any CPU
	EndGlobalSection
	GlobalSection(ProjectConfigurationPlatforms) = postSolution
		{2E25D7B3-FF7F-49C9-B175-B8D7AAC6AC2E}.Debug|Any CPU.ActiveCfg = Debug|Any CPU
		{2E25D7B3-FF7F-49C9-B175-B8D7AAC6AC2E}.Debug|Any CPU.Build.0 = Debug|Any CPU
		{2E25D7B3-FF7F-49C9-B175-B8D7AAC6AC2E}.Release|Any CPU.ActiveCfg = Release|Any CPU
		{2E25D7B3-FF7F-49C9-B175-B8D7AAC6AC2E}.Release|Any CPU.Build.0 = Release|Any CPU
		{9ABC4155-940B-412B-89B3-5167E3DC04A6}.Debug|Any CPU.ActiveCfg = Debug|Any CPU
		{9ABC4155-940B-412B-89B3-5167E3DC04A6}.Debug|Any CPU.Build.0 = Debug|Any CPU
		{9ABC4155-940B-412B-89B3-5167E3DC04A6}.Release|Any CPU.ActiveCfg = Release|Any CPU
		{9ABC4155-940B-412B-89B3-5167E3DC04A6}.Release|Any CPU.Build.0 = Release|Any CPU
	EndGlobalSection
	GlobalSection(SolutionProperties) = preSolution
		HideSolutionNode = FALSE
	EndGlobalSection
EndGlobal
